
Microsoft Visual Studio Solution File, Format Version 12.00
# Visual Studio Version 17
VisualStudioVersion = 17.5.002.0
MinimumVisualStudioVersion = 10.0.40219.1
Project("{9A19103F-16F7-4668-BE54-9A1E7A4F7556}") = "CatWorx.BadgeMaker", "CatWorx.BadgeMaker.csproj", "{5EA49015-4DE5-46C9-A28B-79E01606B3FA}"
EndProject
Global
	GlobalSection(SolutionConfigurationPlatforms) = preSolution
		Debug|Any CPU = Debug|Any CPU
		Release|Any CPU = Release|Any CPU
	EndGlobalSection
	GlobalSection(ProjectConfigurationPlatforms) = postSolution
		{5EA49015-4DE5-46C9-A28B-79E01606B3FA}.Debug|Any CPU.ActiveCfg = Debug|Any CPU
		{5EA49015-4DE5-46C9-A28B-79E01606B3FA}.Debug|Any CPU.Build.0 = Debug|Any CPU
		{5EA49015-4DE5-46C9-A28B-79E01606B3FA}.Release|Any CPU.ActiveCfg = Release|Any CPU
		{5EA49015-4DE5-46C9-A28B-79E01606B3FA}.Release|Any CPU.Build.0 = Release|Any CPU
	EndGlobalSection
	GlobalSection(SolutionProperties) = preSolution
		HideSolutionNode = FALSE
	EndGlobalSection
	GlobalSection(ExtensibilityGlobals) = postSolution
		SolutionGuid = {D8BC5F6F-8FF7-451E-9D97-AE02D37E6187}
	EndGlobalSection
EndGlobal
